
Microsoft Visual Studio Solution File, Format Version 12.00
# Visual Studio Version 16
VisualStudioVersion = 16.0.32126.315
MinimumVisualStudioVersion = 10.0.40219.1
Project("{9A19103F-16F7-4668-BE54-9A1E7A4F7556}") = "P01.ClassBoxData", "P01.ClassBoxData\P01.ClassBoxData.csproj", "{FDACCD01-84CE-4D5D-BEBF-1FEAE8E1E70E}"
EndProject
Project("{9A19103F-16F7-4668-BE54-9A1E7A4F7556}") = "P02.AnimalFarm", "P02.AnimalFarm\AnimalFarm\P02.AnimalFarm.csproj", "{F48CABB3-E7D7-4425-B867-1C43E9C31D6C}"
EndProject
Project("{9A19103F-16F7-4668-BE54-9A1E7A4F7556}") = "P03.ShoppingSpree", "P03.ShoppingSpree\P03.ShoppingSpree.csproj", "{60EDC0C9-4250-4430-9C8F-9BE146E4E6A2}"
EndProject
Project("{FAE04EC0-301F-11D3-BF4B-00C04F79EFBC}") = "P04.PizzaCalories", "P04.PizzaCalories\P04.PizzaCalories.csproj", "{B27F1AFD-D362-4522-838A-8E5C6EC806FF}"
EndProject
Project("{FAE04EC0-301F-11D3-BF4B-00C04F79EFBC}") = "P05.FootballTeamGenerator", "P05.FootballTeamGenerator\P05.FootballTeamGenerator.csproj", "{86F67ADD-68C0-4956-AF86-889D3545E304}"
EndProject
Global
	GlobalSection(SolutionConfigurationPlatforms) = preSolution
		Debug|Any CPU = Debug|Any CPU
		Release|Any CPU = Release|Any CPU
	EndGlobalSection
	GlobalSection(ProjectConfigurationPlatforms) = postSolution
		{FDACCD01-84CE-4D5D-BEBF-1FEAE8E1E70E}.Debug|Any CPU.ActiveCfg = Debug|Any CPU
		{FDACCD01-84CE-4D5D-BEBF-1FEAE8E1E70E}.Debug|Any CPU.Build.0 = Debug|Any CPU
		{FDACCD01-84CE-4D5D-BEBF-1FEAE8E1E70E}.Release|Any CPU.ActiveCfg = Release|Any CPU
		{FDACCD01-84CE-4D5D-BEBF-1FEAE8E1E70E}.Release|Any CPU.Build.0 = Release|Any CPU
		{F48CABB3-E7D7-4425-B867-1C43E9C31D6C}.Debug|Any CPU.ActiveCfg = Debug|Any CPU
		{F48CABB3-E7D7-4425-B867-1C43E9C31D6C}.Debug|Any CPU.Build.0 = Debug|Any CPU
		{F48CABB3-E7D7-4425-B867-1C43E9C31D6C}.Release|Any CPU.ActiveCfg = Release|Any CPU
		{F48CABB3-E7D7-4425-B867-1C43E9C31D6C}.Release|Any CPU.Build.0 = Release|Any CPU
		{60EDC0C9-4250-4430-9C8F-9BE146E4E6A2}.Debug|Any CPU.ActiveCfg = Debug|Any CPU
		{60EDC0C9-4250-4430-9C8F-9BE146E4E6A2}.Debug|Any CPU.Build.0 = Debug|Any CPU
		{60EDC0C9-4250-4430-9C8F-9BE146E4E6A2}.Release|Any CPU.ActiveCfg = Release|Any CPU
		{60EDC0C9-4250-4430-9C8F-9BE146E4E6A2}.Release|Any CPU.Build.0 = Release|Any CPU
		{B27F1AFD-D362-4522-838A-8E5C6EC806FF}.Debug|Any CPU.ActiveCfg = Debug|Any CPU
		{B27F1AFD-D362-4522-838A-8E5C6EC806FF}.Debug|Any CPU.Build.0 = Debug|Any CPU
		{B27F1AFD-D362-4522-838A-8E5C6EC806FF}.Release|Any CPU.ActiveCfg = Release|Any CPU
		{B27F1AFD-D362-4522-838A-8E5C6EC806FF}.Release|Any CPU.Build.0 = Release|Any CPU
		{86F67ADD-68C0-4956-AF86-889D3545E304}.Debug|Any CPU.ActiveCfg = Debug|Any CPU
		{86F67ADD-68C0-4956-AF86-889D3545E304}.Debug|Any CPU.Build.0 = Debug|Any CPU
		{86F67ADD-68C0-4956-AF86-889D3545E304}.Release|Any CPU.ActiveCfg = Release|Any CPU
		{86F67ADD-68C0-4956-AF86-889D3545E304}.Release|Any CPU.Build.0 = Release|Any CPU
	EndGlobalSection
	GlobalSection(SolutionProperties) = preSolution
		HideSolutionNode = FALSE
	EndGlobalSection
	GlobalSection(ExtensibilityGlobals) = postSolution
		SolutionGuid = {95BBE47C-E0AC-486E-8F64-95F0B0023669}
	EndGlobalSection
EndGlobal
