
Microsoft Visual Studio Solution File, Format Version 12.00
# Visual Studio Version 17
VisualStudioVersion = 17.1.32228.430
MinimumVisualStudioVersion = 10.0.40219.1
Project("{9A19103F-16F7-4668-BE54-9A1E7A4F7556}") = "P01.CommandPattern", "P01.CommandPattern\P01.CommandPattern.csproj", "{721230CC-2EF2-4904-B6BC-A9191BAAAD99}"
EndProject
Project("{9A19103F-16F7-4668-BE54-9A1E7A4F7556}") = "P02.ValidationAttributes", "P02.ValidationAttributes\P02.ValidationAttributes.csproj", "{4DC42726-408A-4759-BD2F-9D35145883DE}"
EndProject
Global
	GlobalSection(SolutionConfigurationPlatforms) = preSolution
		Debug|Any CPU = Debug|Any CPU
		Release|Any CPU = Release|Any CPU
	EndGlobalSection
	GlobalSection(ProjectConfigurationPlatforms) = postSolution
		{721230CC-2EF2-4904-B6BC-A9191BAAAD99}.Debug|Any CPU.ActiveCfg = Debug|Any CPU
		{721230CC-2EF2-4904-B6BC-A9191BAAAD99}.Debug|Any CPU.Build.0 = Debug|Any CPU
		{721230CC-2EF2-4904-B6BC-A9191BAAAD99}.Release|Any CPU.ActiveCfg = Release|Any CPU
		{721230CC-2EF2-4904-B6BC-A9191BAAAD99}.Release|Any CPU.Build.0 = Release|Any CPU
		{4DC42726-408A-4759-BD2F-9D35145883DE}.Debug|Any CPU.ActiveCfg = Debug|Any CPU
		{4DC42726-408A-4759-BD2F-9D35145883DE}.Debug|Any CPU.Build.0 = Debug|Any CPU
		{4DC42726-408A-4759-BD2F-9D35145883DE}.Release|Any CPU.ActiveCfg = Release|Any CPU
		{4DC42726-408A-4759-BD2F-9D35145883DE}.Release|Any CPU.Build.0 = Release|Any CPU
	EndGlobalSection
	GlobalSection(SolutionProperties) = preSolution
		HideSolutionNode = FALSE
	EndGlobalSection
	GlobalSection(ExtensibilityGlobals) = postSolution
		SolutionGuid = {F6758346-B1BE-4610-8DB3-8E2C6C44D5F1}
	EndGlobalSection
EndGlobal
