
Microsoft Visual Studio Solution File, Format Version 12.00
# Visual Studio Version 17
VisualStudioVersion = 17.1.32228.430
MinimumVisualStudioVersion = 10.0.40219.1
Project("{9A19103F-16F7-4668-BE54-9A1E7A4F7556}") = "P01.Stealer", "P01.Stealer\P01.Stealer.csproj", "{F5B5C050-4C19-427B-BF95-601B173A6C7D}"
EndProject
Project("{9A19103F-16F7-4668-BE54-9A1E7A4F7556}") = "P02.HQMistakes", "P02.HQMistakes\P02.HQMistakes.csproj", "{16402E4B-8092-4BB3-A115-1104AFD380A0}"
EndProject
Project("{9A19103F-16F7-4668-BE54-9A1E7A4F7556}") = "P03.MissionPrivate", "P03.MissionPrivate\P03.MissionPrivate.csproj", "{6B1DCA26-8CAE-412F-9F68-8575FBEAB57C}"
EndProject
Project("{FAE04EC0-301F-11D3-BF4B-00C04F79EFBC}") = "P04.Collector", "P04.Collector\P04.Collector.csproj", "{8B7DA2A0-274C-4D9C-9A22-B113A6EB8715}"
EndProject
Project("{FAE04EC0-301F-11D3-BF4B-00C04F79EFBC}") = "P05.CreateAttribute", "P05.CreateAttribute\P05.CreateAttribute.csproj", "{01287C76-2119-42A6-A053-A6318CD0EA80}"
EndProject
Project("{FAE04EC0-301F-11D3-BF4B-00C04F79EFBC}") = "P06.CodeTracker", "P06.CodeTracker\P06.CodeTracker.csproj", "{C9E84714-300B-4479-AEAF-65808FBDE95D}"
EndProject
Global
	GlobalSection(SolutionConfigurationPlatforms) = preSolution
		Debug|Any CPU = Debug|Any CPU
		Release|Any CPU = Release|Any CPU
	EndGlobalSection
	GlobalSection(ProjectConfigurationPlatforms) = postSolution
		{F5B5C050-4C19-427B-BF95-601B173A6C7D}.Debug|Any CPU.ActiveCfg = Debug|Any CPU
		{F5B5C050-4C19-427B-BF95-601B173A6C7D}.Debug|Any CPU.Build.0 = Debug|Any CPU
		{F5B5C050-4C19-427B-BF95-601B173A6C7D}.Release|Any CPU.ActiveCfg = Release|Any CPU
		{F5B5C050-4C19-427B-BF95-601B173A6C7D}.Release|Any CPU.Build.0 = Release|Any CPU
		{16402E4B-8092-4BB3-A115-1104AFD380A0}.Debug|Any CPU.ActiveCfg = Debug|Any CPU
		{16402E4B-8092-4BB3-A115-1104AFD380A0}.Debug|Any CPU.Build.0 = Debug|Any CPU
		{16402E4B-8092-4BB3-A115-1104AFD380A0}.Release|Any CPU.ActiveCfg = Release|Any CPU
		{16402E4B-8092-4BB3-A115-1104AFD380A0}.Release|Any CPU.Build.0 = Release|Any CPU
		{6B1DCA26-8CAE-412F-9F68-8575FBEAB57C}.Debug|Any CPU.ActiveCfg = Debug|Any CPU
		{6B1DCA26-8CAE-412F-9F68-8575FBEAB57C}.Debug|Any CPU.Build.0 = Debug|Any CPU
		{6B1DCA26-8CAE-412F-9F68-8575FBEAB57C}.Release|Any CPU.ActiveCfg = Release|Any CPU
		{6B1DCA26-8CAE-412F-9F68-8575FBEAB57C}.Release|Any CPU.Build.0 = Release|Any CPU
		{8B7DA2A0-274C-4D9C-9A22-B113A6EB8715}.Debug|Any CPU.ActiveCfg = Debug|Any CPU
		{8B7DA2A0-274C-4D9C-9A22-B113A6EB8715}.Debug|Any CPU.Build.0 = Debug|Any CPU
		{8B7DA2A0-274C-4D9C-9A22-B113A6EB8715}.Release|Any CPU.ActiveCfg = Release|Any CPU
		{8B7DA2A0-274C-4D9C-9A22-B113A6EB8715}.Release|Any CPU.Build.0 = Release|Any CPU
		{01287C76-2119-42A6-A053-A6318CD0EA80}.Debug|Any CPU.ActiveCfg = Debug|Any CPU
		{01287C76-2119-42A6-A053-A6318CD0EA80}.Debug|Any CPU.Build.0 = Debug|Any CPU
		{01287C76-2119-42A6-A053-A6318CD0EA80}.Release|Any CPU.ActiveCfg = Release|Any CPU
		{01287C76-2119-42A6-A053-A6318CD0EA80}.Release|Any CPU.Build.0 = Release|Any CPU
		{C9E84714-300B-4479-AEAF-65808FBDE95D}.Debug|Any CPU.ActiveCfg = Debug|Any CPU
		{C9E84714-300B-4479-AEAF-65808FBDE95D}.Debug|Any CPU.Build.0 = Debug|Any CPU
		{C9E84714-300B-4479-AEAF-65808FBDE95D}.Release|Any CPU.ActiveCfg = Release|Any CPU
		{C9E84714-300B-4479-AEAF-65808FBDE95D}.Release|Any CPU.Build.0 = Release|Any CPU
	EndGlobalSection
	GlobalSection(SolutionProperties) = preSolution
		HideSolutionNode = FALSE
	EndGlobalSection
	GlobalSection(ExtensibilityGlobals) = postSolution
		SolutionGuid = {9787B572-CFD5-4865-9316-9AF2230FDB5F}
	EndGlobalSection
EndGlobal
